{
  "lockfileVersion": 1,
  "configVersion": 1,
  "workspaces": {
    "": {
      "name": "patchright-bpc-spike",
      "dependencies": {
        "patchright": "^1.58.2",
      },
      "devDependencies": {
        "@types/node": "^24.7.2",
        "typescript": "^5.9.3",
      },
    },
  },
  "packages": {
    "@types/node": ["@types/node@24.12.0", "", { "dependencies": { "undici-types": "~7.16.0" } }, "sha512-GYDxsZi3ChgmckRT9HPU0WEhKLP08ev/Yfcq2AstjrDASOYCSXeyjDsHg4v5t4jOj7cyDX3vmprafKlWIG9MXQ=="],

    "fsevents": ["fsevents@2.3.2", "", { "os": "darwin" }, "sha512-xiqMQR4xAeHTuB9uWm+fFRcIOgKBMiOBP+eXiyT7jsgVCq1bkVygt00oASowB7EdtpOHaaPgKt812P9ab+DDKA=="],

    "patchright": ["patchright@1.58.2", "", { "dependencies": { "patchright-core": "1.58.2" }, "optionalDependencies": { "fsevents": "2.3.2" }, "bin": { "patchright": "cli.js" } }, "sha512-B1pufT2A5uZKL4e5/s2cykUo4RpVupHfJ8eTvuS560D/B7H8McjLzN9n6ruYFIi5/e17WJL428bFMUOEgPL5OQ=="],

    "patchright-core": ["patchright-core@1.58.2", "", { "bin": { "patchright-core": "cli.js" } }, "sha512-f3r0u6as+4nd0Vmr4ndH/zwijMHj7ECxelSa5iMeIJPxtLOwbo22LQPC1qjZZtSIhAVzUDStx4nw/BW3MqhJIQ=="],

    "typescript": ["typescript@5.9.3", "", { "bin": { "tsc": "bin/tsc", "tsserver": "bin/tsserver" } }, "sha512-jl1vZzPDinLr9eUt3J/t7V6FgNEw9QjvBPdysz9KfQDD41fQrC2Y4vKQdiaUpFT4bXlb1RHhLpp8wtm6M5TgSw=="],

    "undici-types": ["undici-types@7.16.0", "", {}, "sha512-Zz+aZWSj8LE6zoxD+xrjh4VfkIG8Ya6LvYkZqtUQGJPZjYl53ypCaUwWqo7eI0x66KBGeRo+mlBEkMSeSZ38Nw=="],
  }
}
